{
  "originHash" : "aae27b9dae8282677b404d6e17ac712d6ae62e1c91cda9b372c8c31f847a87de",
  "pins" : [
    {
      "identity" : "ios-sdk",
      "kind" : "remoteSourceControl",
      "location" : "https://github.com/Short-io/ios-sdk/",
      "state" : {
        "revision" : "29a6af2544c10d966c22d61c450b7b2e552b5deb",
        "version" : "2.0.0"
      }
    }
  ],
  "version" : 3
}
