{
  "originHash" : "aae27b9dae8282677b404d6e17ac712d6ae62e1c91cda9b372c8c31f847a87de",
  "pins" : [
    {
      "identity" : "ios-sdk",
      "kind" : "remoteSourceControl",
      "location" : "https://github.com/Short-io/ios-sdk/",
      "state" : {
        "revision" : "c42975cfbabfad9e77a071611bfebca73a374e05"
      }
    }
  ],
  "version" : 3
}
